
Microsoft Visual Studio Solution File, Format Version 12.00
# Visual Studio 15
VisualStudioVersion = 15.0.28010.2046
MinimumVisualStudioVersion = 10.0.40219.1
Project("{FAE04EC0-301F-11D3-BF4B-00C04F79EFBC}") = "Photo Album Display LT", "Photo Album Display LT\Photo Album Display LT.csproj", "{74B40DA7-8320-4F6B-8A8B-BE792EB73212}"
EndProject
Global
	GlobalSection(SolutionConfigurationPlatforms) = preSolution
		Debug|Any CPU = Debug|Any CPU
		Release|Any CPU = Release|Any CPU
	EndGlobalSection
	GlobalSection(ProjectConfigurationPlatforms) = postSolution
		{74B40DA7-8320-4F6B-8A8B-BE792EB73212}.Debug|Any CPU.ActiveCfg = Debug|Any CPU
		{74B40DA7-8320-4F6B-8A8B-BE792EB73212}.Debug|Any CPU.Build.0 = Debug|Any CPU
		{74B40DA7-8320-4F6B-8A8B-BE792EB73212}.Release|Any CPU.ActiveCfg = Release|Any CPU
		{74B40DA7-8320-4F6B-8A8B-BE792EB73212}.Release|Any CPU.Build.0 = Release|Any CPU
	EndGlobalSection
	GlobalSection(SolutionProperties) = preSolution
		HideSolutionNode = FALSE
	EndGlobalSection
	GlobalSection(ExtensibilityGlobals) = postSolution
		SolutionGuid = {E3A6DEB9-67B7-4C89-9B6D-112F91AC48E1}
	EndGlobalSection
EndGlobal
